
Microsoft Visual Studio Solution File, Format Version 12.00
# Visual Studio Version 16
VisualStudioVersion = 16.0.29911.84
MinimumVisualStudioVersion = 10.0.40219.1
Project("{FAE04EC0-301F-11D3-BF4B-00C04F79EFBC}") = "TP01Module06_Partie_1", "TP01Module06_Partie_1.csproj", "{0311EEED-C536-4877-9475-F5234A290402}"
EndProject
Project("{FAE04EC0-301F-11D3-BF4B-00C04F79EFBC}") = "BO_TP01Module06", "..\BO_TP01Module06\BO_TP01Module06.csproj", "{A42BC54A-2DC8-4A39-B405-EA72A6F848F7}"
EndProject
Global
	GlobalSection(SolutionConfigurationPlatforms) = preSolution
		Debug|Any CPU = Debug|Any CPU
		Release|Any CPU = Release|Any CPU
	EndGlobalSection
	GlobalSection(ProjectConfigurationPlatforms) = postSolution
		{0311EEED-C536-4877-9475-F5234A290402}.Debug|Any CPU.ActiveCfg = Debug|Any CPU
		{0311EEED-C536-4877-9475-F5234A290402}.Debug|Any CPU.Build.0 = Debug|Any CPU
		{0311EEED-C536-4877-9475-F5234A290402}.Release|Any CPU.ActiveCfg = Release|Any CPU
		{0311EEED-C536-4877-9475-F5234A290402}.Release|Any CPU.Build.0 = Release|Any CPU
		{A42BC54A-2DC8-4A39-B405-EA72A6F848F7}.Debug|Any CPU.ActiveCfg = Debug|Any CPU
		{A42BC54A-2DC8-4A39-B405-EA72A6F848F7}.Debug|Any CPU.Build.0 = Debug|Any CPU
		{A42BC54A-2DC8-4A39-B405-EA72A6F848F7}.Release|Any CPU.ActiveCfg = Release|Any CPU
		{A42BC54A-2DC8-4A39-B405-EA72A6F848F7}.Release|Any CPU.Build.0 = Release|Any CPU
	EndGlobalSection
	GlobalSection(SolutionProperties) = preSolution
		HideSolutionNode = FALSE
	EndGlobalSection
	GlobalSection(ExtensibilityGlobals) = postSolution
		SolutionGuid = {9345BCBD-6557-470F-8A71-B23E81793C49}
	EndGlobalSection
EndGlobal
